[{<<"common">>,
  {git,"https://github.com/joq62/common.git",
       {ref,"5408d5dee329aada35b6b2e7b0607af3b5ff25c7"}},
  0},
 {<<"log">>,
  {git,"https://github.com/joq62/log.git",
       {ref,"5633918783f23f8e0444d5d28739bac5ed09f2ea"}},
  0},
 {<<"rd">>,
  {git,"https://github.com/joq62/rd.git",
       {ref,"9fd05e185cb579fa031fd925d5190eef5a3db4cb"}},
  0},
 {<<"zigbee_server">>,
  {git,"https://github.com/joq62/zigbee_server.git",
       {ref,"fd6f333dda931d066593b382944bd264f537bc34"}},
  0}].
